
Microsoft Visual Studio Solution File, Format Version 12.00
Project("{FAE04EC0-301F-11D3-BF4B-00C04F79EFBC}") = "Web", "Web\Web.csproj", "{4836ACD3-B874-480C-A869-0CA28A6F6A4C}"
EndProject
Project("{FAE04EC0-301F-11D3-BF4B-00C04F79EFBC}") = "Web.UnitTests", "Web.UnitTests\Web.UnitTests.csproj", "{26C146E8-9EBA-4B1B-8FB7-B9F7AEEF87B4}"
EndProject
Global
	GlobalSection(SolutionConfigurationPlatforms) = preSolution
		Debug|Any CPU = Debug|Any CPU
		Release|Any CPU = Release|Any CPU
	EndGlobalSection
	GlobalSection(ProjectConfigurationPlatforms) = postSolution
		{4836ACD3-B874-480C-A869-0CA28A6F6A4C}.Debug|Any CPU.ActiveCfg = Debug|Any CPU
		{4836ACD3-B874-480C-A869-0CA28A6F6A4C}.Debug|Any CPU.Build.0 = Debug|Any CPU
		{4836ACD3-B874-480C-A869-0CA28A6F6A4C}.Release|Any CPU.ActiveCfg = Release|Any CPU
		{4836ACD3-B874-480C-A869-0CA28A6F6A4C}.Release|Any CPU.Build.0 = Release|Any CPU
		{26C146E8-9EBA-4B1B-8FB7-B9F7AEEF87B4}.Debug|Any CPU.ActiveCfg = Debug|Any CPU
		{26C146E8-9EBA-4B1B-8FB7-B9F7AEEF87B4}.Debug|Any CPU.Build.0 = Debug|Any CPU
		{26C146E8-9EBA-4B1B-8FB7-B9F7AEEF87B4}.Release|Any CPU.ActiveCfg = Release|Any CPU
		{26C146E8-9EBA-4B1B-8FB7-B9F7AEEF87B4}.Release|Any CPU.Build.0 = Release|Any CPU
	EndGlobalSection
EndGlobal
